
Microsoft Visual Studio Solution File, Format Version 12.00
# Visual Studio Version 17
VisualStudioVersion = 17.6.33723.286
MinimumVisualStudioVersion = 10.0.40219.1
Project("{FAE04EC0-301F-11D3-BF4B-00C04F79EFBC}") = "CurrencyConverter", "CurrencyConverter\CurrencyConverter.csproj", "{1A16E54C-6AEB-44C6-AA4E-01F7ECE4A452}"
EndProject
Global
	GlobalSection(SolutionConfigurationPlatforms) = preSolution
		Debug|Any CPU = Debug|Any CPU
		Release|Any CPU = Release|Any CPU
	EndGlobalSection
	GlobalSection(ProjectConfigurationPlatforms) = postSolution
		{1A16E54C-6AEB-44C6-AA4E-01F7ECE4A452}.Debug|Any CPU.ActiveCfg = Debug|Any CPU
		{1A16E54C-6AEB-44C6-AA4E-01F7ECE4A452}.Debug|Any CPU.Build.0 = Debug|Any CPU
		{1A16E54C-6AEB-44C6-AA4E-01F7ECE4A452}.Release|Any CPU.ActiveCfg = Release|Any CPU
		{1A16E54C-6AEB-44C6-AA4E-01F7ECE4A452}.Release|Any CPU.Build.0 = Release|Any CPU
	EndGlobalSection
	GlobalSection(SolutionProperties) = preSolution
		HideSolutionNode = FALSE
	EndGlobalSection
	GlobalSection(ExtensibilityGlobals) = postSolution
		SolutionGuid = {0FDE7A92-5440-4223-8D29-4648AE483838}
	EndGlobalSection
EndGlobal
